
Microsoft Visual Studio Solution File, Format Version 12.00
# Visual Studio Version 16
VisualStudioVersion = 16.0.31911.196
MinimumVisualStudioVersion = 10.0.40219.1
Project("{FAE04EC0-301F-11D3-BF4B-00C04F79EFBC}") = "FileManagment", "FileManagment\FileManagment.csproj", "{C5340C9C-064D-44AF-B34D-40230744DEC9}"
EndProject
Project("{FAE04EC0-301F-11D3-BF4B-00C04F79EFBC}") = "Models", "Models\Models.csproj", "{A430BFC2-0DD4-45B9-AD0A-1A6DF199E365}"
EndProject
Project("{FAE04EC0-301F-11D3-BF4B-00C04F79EFBC}") = "Repositories", "Repositories\Repositories.csproj", "{01EFB919-82F7-4B73-B0BE-15418D9B0E59}"
EndProject
Global
	GlobalSection(SolutionConfigurationPlatforms) = preSolution
		Debug|Any CPU = Debug|Any CPU
		Release|Any CPU = Release|Any CPU
	EndGlobalSection
	GlobalSection(ProjectConfigurationPlatforms) = postSolution
		{C5340C9C-064D-44AF-B34D-40230744DEC9}.Debug|Any CPU.ActiveCfg = Debug|Any CPU
		{C5340C9C-064D-44AF-B34D-40230744DEC9}.Debug|Any CPU.Build.0 = Debug|Any CPU
		{C5340C9C-064D-44AF-B34D-40230744DEC9}.Release|Any CPU.ActiveCfg = Release|Any CPU
		{C5340C9C-064D-44AF-B34D-40230744DEC9}.Release|Any CPU.Build.0 = Release|Any CPU
		{A430BFC2-0DD4-45B9-AD0A-1A6DF199E365}.Debug|Any CPU.ActiveCfg = Debug|Any CPU
		{A430BFC2-0DD4-45B9-AD0A-1A6DF199E365}.Debug|Any CPU.Build.0 = Debug|Any CPU
		{A430BFC2-0DD4-45B9-AD0A-1A6DF199E365}.Release|Any CPU.ActiveCfg = Release|Any CPU
		{A430BFC2-0DD4-45B9-AD0A-1A6DF199E365}.Release|Any CPU.Build.0 = Release|Any CPU
		{01EFB919-82F7-4B73-B0BE-15418D9B0E59}.Debug|Any CPU.ActiveCfg = Debug|Any CPU
		{01EFB919-82F7-4B73-B0BE-15418D9B0E59}.Debug|Any CPU.Build.0 = Debug|Any CPU
		{01EFB919-82F7-4B73-B0BE-15418D9B0E59}.Release|Any CPU.ActiveCfg = Release|Any CPU
		{01EFB919-82F7-4B73-B0BE-15418D9B0E59}.Release|Any CPU.Build.0 = Release|Any CPU
	EndGlobalSection
	GlobalSection(SolutionProperties) = preSolution
		HideSolutionNode = FALSE
	EndGlobalSection
	GlobalSection(ExtensibilityGlobals) = postSolution
		SolutionGuid = {4A6B0BB7-72ED-4C01-9D0F-1FD64EAFC61F}
	EndGlobalSection
EndGlobal
